// !$*UTF8*$!
{
	archiveVersion = 1;
	classes = {
	};
	objectVersion = 56;
	objects = {

/* Begin PBXBuildFile section */
		9F15E78E2A02DEBA00DE57AC /* AppDelegate.swift in Sources */ = {isa = PBXBuildFile; fileRef = 9F15E78D2A02DEBA00DE57AC /* AppDelegate.swift */; };
		9F15E7902A02DEBA00DE57AC /* SceneDelegate.swift in Sources */ = {isa = PBXBuildFile; fileRef = 9F15E78F2A02DEBA00DE57AC /* SceneDelegate.swift */; };
		9F15E7922A02DEBA00DE57AC /* ViewController.swift in Sources */ = {isa = PBXBuildFile; fileRef = 9F15E7912A02DEBA00DE57AC /* ViewController.swift */; };
		9F15E7952A02DEBA00DE57AC /* Main.storyboard in Resources */ = {isa = PBXBuildFile; fileRef = 9F15E7932A02DEBA00DE57AC /* Main.storyboard */; };
		9F15E7972A02DEBB00DE57AC /* Assets.xcassets in Resources */ = {isa = PBXBuildFile; fileRef = 9F15E7962A02DEBB00DE57AC /* Assets.xcassets */; };
		9F15E79A2A02DEBB00DE57AC /* LaunchScreen.storyboard in Resources */ = {isa = PBXBuildFile; fileRef = 9F15E7982A02DEBB00DE57AC /* LaunchScreen.storyboard */; };
		9F15E7A32A02DF1600DE57AC /* SpringAnimation in Frameworks */ = {isa = PBXBuildFile; productRef = 9F15E7A22A02DF1600DE57AC /* SpringAnimation */; };
		9F15E7A52A02ED1700DE57AC /* Model.swift in Sources */ = {isa = PBXBuildFile; fileRef = 9F15E7A42A02ED1700DE57AC /* Model.swift */; };
		9F15E7A72A02ED2A00DE57AC /* DataStore.swift in Sources */ = {isa = PBXBuildFile; fileRef = 9F15E7A62A02ED2A00DE57AC /* DataStore.swift */; };
/* End PBXBuildFile section */

/* Begin PBXFileReference section */
		9F15E78A2A02DEBA00DE57AC /* SpringApp.app */ = {isa = PBXFileReference; explicitFileType = wrapper.application; includeInIndex = 0; path = SpringApp.app; sourceTree = BUILT_PRODUCTS_DIR; };
		9F15E78D2A02DEBA00DE57AC /* AppDelegate.swift */ = {isa = PBXFileReference; lastKnownFileType = sourcecode.swift; path = AppDelegate.swift; sourceTree = "<group>"; };
		9F15E78F2A02DEBA00DE57AC /* SceneDelegate.swift */ = {isa = PBXFileReference; lastKnownFileType = sourcecode.swift; path = SceneDelegate.swift; sourceTree = "<group>"; };
		9F15E7912A02DEBA00DE57AC /* ViewController.swift */ = {isa = PBXFileReference; lastKnownFileType = sourcecode.swift; path = ViewController.swift; sourceTree = "<group>"; };
		9F15E7942A02DEBA00DE57AC /* Base */ = {isa = PBXFileReference; lastKnownFileType = file.storyboard; name = Base; path = Base.lproj/Main.storyboard; sourceTree = "<group>"; };
		9F15E7962A02DEBB00DE57AC /* Assets.xcassets */ = {isa = PBXFileReference; lastKnownFileType = folder.assetcatalog; path = Assets.xcassets; sourceTree = "<group>"; };
		9F15E7992A02DEBB00DE57AC /* Base */ = {isa = PBXFileReference; lastKnownFileType = file.storyboard; name = Base; path = Base.lproj/LaunchScreen.storyboard; sourceTree = "<group>"; };
		9F15E79B2A02DEBB00DE57AC /* Info.plist */ = {isa = PBXFileReference; lastKnownFileType = text.plist.xml; path = Info.plist; sourceTree = "<group>"; };
		9F15E7A42A02ED1700DE57AC /* Model.swift */ = {isa = PBXFileReference; lastKnownFileType = sourcecode.swift; path = Model.swift; sourceTree = "<group>"; };
		9F15E7A62A02ED2A00DE57AC /* DataStore.swift */ = {isa = PBXFileReference; lastKnownFileType = sourcecode.swift; path = DataStore.swift; sourceTree = "<group>"; };
/* End PBXFileReference section */

/* Begin PBXFrameworksBuildPhase section */
		9F15E7872A02DEBA00DE57AC /* Frameworks */ = {
			isa = PBXFrameworksBuildPhase;
			buildActionMask = 2147483647;
			files = (
				9F15E7A32A02DF1600DE57AC /* SpringAnimation in Frameworks */,
			);
			runOnlyForDeploymentPostprocessing = 0;
		};
/* End PBXFrameworksBuildPhase section */

/* Begin PBXGroup section */
		9F15E7812A02DEBA00DE57AC = {
			isa = PBXGroup;
			children = (
				9F15E78C2A02DEBA00DE57AC /* SpringApp */,
				9F15E78B2A02DEBA00DE57AC /* Products */,
			);
			sourceTree = "<group>";
		};
		9F15E78B2A02DEBA00DE57AC /* Products */ = {
			isa = PBXGroup;
			children = (
				9F15E78A2A02DEBA00DE57AC /* SpringApp.app */,
			);
			name = Products;
			sourceTree = "<group>";
		};
		9F15E78C2A02DEBA00DE57AC /* SpringApp */ = {
			isa = PBXGroup;
			children = (
				9F15E7AA2A02FB1F00DE57AC /* App */,
				9F15E7A92A02FAEB00DE57AC /* ViewControllers */,
				9F15E7A82A02FAD900DE57AC /* Models */,
				9F15E7AB2A02FB3C00DE57AC /* Services */,
				9F15E7AD2A02FB9100DE57AC /* StoryBoards */,
				9F15E7AC2A02FB6A00DE57AC /* Resources */,
				9F15E79B2A02DEBB00DE57AC /* Info.plist */,
			);
			path = SpringApp;
			sourceTree = "<group>";
		};
		9F15E7A82A02FAD900DE57AC /* Models */ = {
			isa = PBXGroup;
			children = (
				9F15E7A42A02ED1700DE57AC /* Model.swift */,
			);
			path = Models;
			sourceTree = "<group>";
		};
		9F15E7A92A02FAEB00DE57AC /* ViewControllers */ = {
			isa = PBXGroup;
			children = (
				9F15E7912A02DEBA00DE57AC /* ViewController.swift */,
			);
			path = ViewControllers;
			sourceTree = "<group>";
		};
		9F15E7AA2A02FB1F00DE57AC /* App */ = {
			isa = PBXGroup;
			children = (
				9F15E78F2A02DEBA00DE57AC /* SceneDelegate.swift */,
				9F15E78D2A02DEBA00DE57AC /* AppDelegate.swift */,
			);
			path = App;
			sourceTree = "<group>";
		};
		9F15E7AB2A02FB3C00DE57AC /* Services */ = {
			isa = PBXGroup;
			children = (
				9F15E7A62A02ED2A00DE57AC /* DataStore.swift */,
			);
			path = Services;
			sourceTree = "<group>";
		};
		9F15E7AC2A02FB6A00DE57AC /* Resources */ = {
			isa = PBXGroup;
			children = (
				9F15E7962A02DEBB00DE57AC /* Assets.xcassets */,
			);
			path = Resources;
			sourceTree = "<group>";
		};
		9F15E7AD2A02FB9100DE57AC /* StoryBoards */ = {
			isa = PBXGroup;
			children = (
				9F15E7982A02DEBB00DE57AC /* LaunchScreen.storyboard */,
				9F15E7932A02DEBA00DE57AC /* Main.storyboard */,
			);
			path = StoryBoards;
			sourceTree = "<group>";
		};
/* End PBXGroup section */

/* Begin PBXNativeTarget section */
		9F15E7892A02DEBA00DE57AC /* SpringApp */ = {
			isa = PBXNativeTarget;
			buildConfigurationList = 9F15E79E2A02DEBB00DE57AC /* Build configuration list for PBXNativeTarget "SpringApp" */;
			buildPhases = (
				9F15E7862A02DEBA00DE57AC /* Sources */,
				9F15E7872A02DEBA00DE57AC /* Frameworks */,
				9F15E7882A02DEBA00DE57AC /* Resources */,
			);
			buildRules = (
			);
			dependencies = (
			);
			name = SpringApp;
			packageProductDependencies = (
				9F15E7A22A02DF1600DE57AC /* SpringAnimation */,
			);
			productName = SpringApp;
			productReference = 9F15E78A2A02DEBA00DE57AC /* SpringApp.app */;
			productType = "com.apple.product-type.application";
		};
/* End PBXNativeTarget section */

/* Begin PBXProject section */
		9F15E7822A02DEBA00DE57AC /* Project object */ = {
			isa = PBXProject;
			attributes = {
				BuildIndependentTargetsInParallel = 1;
				LastSwiftUpdateCheck = 1430;
				LastUpgradeCheck = 1430;
				TargetAttributes = {
					9F15E7892A02DEBA00DE57AC = {
						CreatedOnToolsVersion = 14.3;
					};
				};
			};
			buildConfigurationList = 9F15E7852A02DEBA00DE57AC /* Build configuration list for PBXProject "SpringApp" */;
			compatibilityVersion = "Xcode 14.0";
			developmentRegion = en;
			hasScannedForEncodings = 0;
			knownRegions = (
				en,
				Base,
			);
			mainGroup = 9F15E7812A02DEBA00DE57AC;
			packageReferences = (
				9F15E7A12A02DF1600DE57AC /* XCRemoteSwiftPackageReference "SpringAnimation" */,
			);
			productRefGroup = 9F15E78B2A02DEBA00DE57AC /* Products */;
			projectDirPath = "";
			projectRoot = "";
			targets = (
				9F15E7892A02DEBA00DE57AC /* SpringApp */,
			);
		};
/* End PBXProject section */

/* Begin PBXResourcesBuildPhase section */
		9F15E7882A02DEBA00DE57AC /* Resources */ = {
			isa = PBXResourcesBuildPhase;
			buildActionMask = 2147483647;
			files = (
				9F15E79A2A02DEBB00DE57AC /* LaunchScreen.storyboard in Resources */,
				9F15E7972A02DEBB00DE57AC /* Assets.xcassets in Resources */,
				9F15E7952A02DEBA00DE57AC /* Main.storyboard in Resources */,
			);
			runOnlyForDeploymentPostprocessing = 0;
		};
/* End PBXResourcesBuildPhase section */

/* Begin PBXSourcesBuildPhase section */
		9F15E7862A02DEBA00DE57AC /* Sources */ = {
			isa = PBXSourcesBuildPhase;
			buildActionMask = 2147483647;
			files = (
				9F15E7922A02DEBA00DE57AC /* ViewController.swift in Sources */,
				9F15E78E2A02DEBA00DE57AC /* AppDelegate.swift in Sources */,
				9F15E7902A02DEBA00DE57AC /* SceneDelegate.swift in Sources */,
				9F15E7A72A02ED2A00DE57AC /* DataStore.swift in Sources */,
				9F15E7A52A02ED1700DE57AC /* Model.swift in Sources */,
			);
			runOnlyForDeploymentPostprocessing = 0;
		};
/* End PBXSourcesBuildPhase section */

/* Begin PBXVariantGroup section */
		9F15E7932A02DEBA00DE57AC /* Main.storyboard */ = {
			isa = PBXVariantGroup;
			children = (
				9F15E7942A02DEBA00DE57AC /* Base */,
			);
			name = Main.storyboard;
			sourceTree = "<group>";
		};
		9F15E7982A02DEBB00DE57AC /* LaunchScreen.storyboard */ = {
			isa = PBXVariantGroup;
			children = (
				9F15E7992A02DEBB00DE57AC /* Base */,
			);
			name = LaunchScreen.storyboard;
			sourceTree = "<group>";
		};
/* End PBXVariantGroup section */

/* Begin XCBuildConfiguration section */
		9F15E79C2A02DEBB00DE57AC /* Debug */ = {
			isa = XCBuildConfiguration;
			buildSettings = {
				ALWAYS_SEARCH_USER_PATHS = NO;
				CLANG_ANALYZER_NONNULL = YES;
				CLANG_ANALYZER_NUMBER_OBJECT_CONVERSION = YES_AGGRESSIVE;
				CLANG_CXX_LANGUAGE_STANDARD = "gnu++20";
				CLANG_ENABLE_MODULES = YES;
				CLANG_ENABLE_OBJC_ARC = YES;
				CLANG_ENABLE_OBJC_WEAK = YES;
				CLANG_WARN_BLOCK_CAPTURE_AUTORELEASING = YES;
				CLANG_WARN_BOOL_CONVERSION = YES;
				CLANG_WARN_COMMA = YES;
				CLANG_WARN_CONSTANT_CONVERSION = YES;
				CLANG_WARN_DEPRECATED_OBJC_IMPLEMENTATIONS = YES;
				CLANG_WARN_DIRECT_OBJC_ISA_USAGE = YES_ERROR;
				CLANG_WARN_DOCUMENTATION_COMMENTS = YES;
				CLANG_WARN_EMPTY_BODY = YES;
				CLANG_WARN_ENUM_CONVERSION = YES;
				CLANG_WARN_INFINITE_RECURSION = YES;
				CLANG_WARN_INT_CONVERSION = YES;
				CLANG_WARN_NON_LITERAL_NULL_CONVERSION = YES;
				CLANG_WARN_OBJC_IMPLICIT_RETAIN_SELF = YES;
				CLANG_WARN_OBJC_LITERAL_CONVERSION = YES;
				CLANG_WARN_OBJC_ROOT_CLASS = YES_ERROR;
				CLANG_WARN_QUOTED_INCLUDE_IN_FRAMEWORK_HEADER = YES;
				CLANG_WARN_RANGE_LOOP_ANALYSIS = YES;
				CLANG_WARN_STRICT_PROTOTYPES = YES;
				CLANG_WARN_SUSPICIOUS_MOVE = YES;
				CLANG_WARN_UNGUARDED_AVAILABILITY = YES_AGGRESSIVE;
				CLANG_WARN_UNREACHABLE_CODE = YES;
				CLANG_WARN__DUPLICATE_METHOD_MATCH = YES;
				COPY_PHASE_STRIP = NO;
				DEBUG_INFORMATION_FORMAT = dwarf;
				ENABLE_STRICT_OBJC_MSGSEND = YES;
				ENABLE_TESTABILITY = YES;
				GCC_C_LANGUAGE_STANDARD = gnu11;
				GCC_DYNAMIC_NO_PIC = NO;
				GCC_NO_COMMON_BLOCKS = YES;
				GCC_OPTIMIZATION_LEVEL = 0;
				GCC_PREPROCESSOR_DEFINITIONS = (
					"DEBUG=1",
					"$(inherited)",
				);
				GCC_WARN_64_TO_32_BIT_CONVERSION = YES;
				GCC_WARN_ABOUT_RETURN_TYPE = YES_ERROR;
				GCC_WARN_UNDECLARED_SELECTOR = YES;
				GCC_WARN_UNINITIALIZED_AUTOS = YES_AGGRESSIVE;
				GCC_WARN_UNUSED_FUNCTION = YES;
				GCC_WARN_UNUSED_VARIABLE = YES;
				IPHONEOS_DEPLOYMENT_TARGET = 16.4;
				MTL_ENABLE_DEBUG_INFO = INCLUDE_SOURCE;
				MTL_FAST_MATH = YES;
				ONLY_ACTIVE_ARCH = YES;
				SDKROOT = iphoneos;
				SWIFT_ACTIVE_COMPILATION_CONDITIONS = DEBUG;
				SWIFT_OPTIMIZATION_LEVEL = "-Onone";
			};
			name = Debug;
		};
		9F15E79D2A02DEBB00DE57AC /* Release */ = {
			isa = XCBuildConfiguration;
			buildSettings = {
				ALWAYS_SEARCH_USER_PATHS = NO;
				CLANG_ANALYZER_NONNULL = YES;
				CLANG_ANALYZER_NUMBER_OBJECT_CONVERSION = YES_AGGRESSIVE;
				CLANG_CXX_LANGUAGE_STANDARD = "gnu++20";
				CLANG_ENABLE_MODULES = YES;
				CLANG_ENABLE_OBJC_ARC = YES;
				CLANG_ENABLE_OBJC_WEAK = YES;
				CLANG_WARN_BLOCK_CAPTURE_AUTORELEASING = YES;
				CLANG_WARN_BOOL_CONVERSION = YES;
				CLANG_WARN_COMMA = YES;
				CLANG_WARN_CONSTANT_CONVERSION = YES;
				CLANG_WARN_DEPRECATED_OBJC_IMPLEMENTATIONS = YES;
				CLANG_WARN_DIRECT_OBJC_ISA_USAGE = YES_ERROR;
				CLANG_WARN_DOCUMENTATION_COMMENTS = YES;
				CLANG_WARN_EMPTY_BODY = YES;
				CLANG_WARN_ENUM_CONVERSION = YES;
				CLANG_WARN_INFINITE_RECURSION = YES;
				CLANG_WARN_INT_CONVERSION = YES;
				CLANG_WARN_NON_LITERAL_NULL_CONVERSION = YES;
				CLANG_WARN_OBJC_IMPLICIT_RETAIN_SELF = YES;
				CLANG_WARN_OBJC_LITERAL_CONVERSION = YES;
				CLANG_WARN_OBJC_ROOT_CLASS = YES_ERROR;
				CLANG_WARN_QUOTED_INCLUDE_IN_FRAMEWORK_HEADER = YES;
				CLANG_WARN_RANGE_LOOP_ANALYSIS = YES;
				CLANG_WARN_STRICT_PROTOTYPES = YES;
				CLANG_WARN_SUSPICIOUS_MOVE = YES;
				CLANG_WARN_UNGUARDED_AVAILABILITY = YES_AGGRESSIVE;
				CLANG_WARN_UNREACHABLE_CODE = YES;
				CLANG_WARN__DUPLICATE_METHOD_MATCH = YES;
				COPY_PHASE_STRIP = NO;
				DEBUG_INFORMATION_FORMAT = "dwarf-with-dsym";
				ENABLE_NS_ASSERTIONS = NO;
				ENABLE_STRICT_OBJC_MSGSEND = YES;
				GCC_C_LANGUAGE_STANDARD = gnu11;
				GCC_NO_COMMON_BLOCKS = YES;
				GCC_WARN_64_TO_32_BIT_CONVERSION = YES;
				GCC_WARN_ABOUT_RETURN_TYPE = YES_ERROR;
				GCC_WARN_UNDECLARED_SELECTOR = YES;
				GCC_WARN_UNINITIALIZED_AUTOS = YES_AGGRESSIVE;
				GCC_WARN_UNUSED_FUNCTION = YES;
				GCC_WARN_UNUSED_VARIABLE = YES;
				IPHONEOS_DEPLOYMENT_TARGET = 16.4;
				MTL_ENABLE_DEBUG_INFO = NO;
				MTL_FAST_MATH = YES;
				SDKROOT = iphoneos;
				SWIFT_COMPILATION_MODE = wholemodule;
				SWIFT_OPTIMIZATION_LEVEL = "-O";
				VALIDATE_PRODUCT = YES;
			};
			name = Release;
		};
		9F15E79F2A02DEBB00DE57AC /* Debug */ = {
			isa = XCBuildConfiguration;
			buildSettings = {
				ASSETCATALOG_COMPILER_APPICON_NAME = AppIcon;
				ASSETCATALOG_COMPILER_GLOBAL_ACCENT_COLOR_NAME = AccentColor;
				CODE_SIGN_STYLE = Automatic;
				CURRENT_PROJECT_VERSION = 1;
				DEVELOPMENT_TEAM = CY5RNY433D;
				GENERATE_INFOPLIST_FILE = YES;
				INFOPLIST_FILE = SpringApp/Info.plist;
				INFOPLIST_KEY_UIApplicationSupportsIndirectInputEvents = YES;
				INFOPLIST_KEY_UILaunchStoryboardName = LaunchScreen;
				INFOPLIST_KEY_UIMainStoryboardFile = Main;
				INFOPLIST_KEY_UISupportedInterfaceOrientations_iPad = "UIInterfaceOrientationPortrait UIInterfaceOrientationPortraitUpsideDown UIInterfaceOrientationLandscapeLeft UIInterfaceOrientationLandscapeRight";
				INFOPLIST_KEY_UISupportedInterfaceOrientations_iPhone = "UIInterfaceOrientationPortrait UIInterfaceOrientationLandscapeLeft UIInterfaceOrientationLandscapeRight";
				LD_RUNPATH_SEARCH_PATHS = (
					"$(inherited)",
					"@executable_path/Frameworks",
				);
				MARKETING_VERSION = 1.0;
				PRODUCT_BUNDLE_IDENTIFIER = com.alexeykanaev.SpringApp;
				PRODUCT_NAME = "$(TARGET_NAME)";
				SUPPORTED_PLATFORMS = "iphoneos iphonesimulator";
				SUPPORTS_MACCATALYST = NO;
				SUPPORTS_MAC_DESIGNED_FOR_IPHONE_IPAD = NO;
				SWIFT_EMIT_LOC_STRINGS = YES;
				SWIFT_VERSION = 5.0;
				TARGETED_DEVICE_FAMILY = 1;
			};
			name = Debug;
		};
		9F15E7A02A02DEBB00DE57AC /* Release */ = {
			isa = XCBuildConfiguration;
			buildSettings = {
				ASSETCATALOG_COMPILER_APPICON_NAME = AppIcon;
				ASSETCATALOG_COMPILER_GLOBAL_ACCENT_COLOR_NAME = AccentColor;
				CODE_SIGN_STYLE = Automatic;
				CURRENT_PROJECT_VERSION = 1;
				DEVELOPMENT_TEAM = CY5RNY433D;
				GENERATE_INFOPLIST_FILE = YES;
				INFOPLIST_FILE = SpringApp/Info.plist;
				INFOPLIST_KEY_UIApplicationSupportsIndirectInputEvents = YES;
				INFOPLIST_KEY_UILaunchStoryboardName = LaunchScreen;
				INFOPLIST_KEY_UIMainStoryboardFile = Main;
				INFOPLIST_KEY_UISupportedInterfaceOrientations_iPad = "UIInterfaceOrientationPortrait UIInterfaceOrientationPortraitUpsideDown UIInterfaceOrientationLandscapeLeft UIInterfaceOrientationLandscapeRight";
				INFOPLIST_KEY_UISupportedInterfaceOrientations_iPhone = "UIInterfaceOrientationPortrait UIInterfaceOrientationLandscapeLeft UIInterfaceOrientationLandscapeRight";
				LD_RUNPATH_SEARCH_PATHS = (
					"$(inherited)",
					"@executable_path/Frameworks",
				);
				MARKETING_VERSION = 1.0;
				PRODUCT_BUNDLE_IDENTIFIER = com.alexeykanaev.SpringApp;
				PRODUCT_NAME = "$(TARGET_NAME)";
				SUPPORTED_PLATFORMS = "iphoneos iphonesimulator";
				SUPPORTS_MACCATALYST = NO;
				SUPPORTS_MAC_DESIGNED_FOR_IPHONE_IPAD = NO;
				SWIFT_EMIT_LOC_STRINGS = YES;
				SWIFT_VERSION = 5.0;
				TARGETED_DEVICE_FAMILY = 1;
			};
			name = Release;
		};
/* End XCBuildConfiguration section */

/* Begin XCConfigurationList section */
		9F15E7852A02DEBA00DE57AC /* Build configuration list for PBXProject "SpringApp" */ = {
			isa = XCConfigurationList;
			buildConfigurations = (
				9F15E79C2A02DEBB00DE57AC /* Debug */,
				9F15E79D2A02DEBB00DE57AC /* Release */,
			);
			defaultConfigurationIsVisible = 0;
			defaultConfigurationName = Release;
		};
		9F15E79E2A02DEBB00DE57AC /* Build configuration list for PBXNativeTarget "SpringApp" */ = {
			isa = XCConfigurationList;
			buildConfigurations = (
				9F15E79F2A02DEBB00DE57AC /* Debug */,
				9F15E7A02A02DEBB00DE57AC /* Release */,
			);
			defaultConfigurationIsVisible = 0;
			defaultConfigurationName = Release;
		};
/* End XCConfigurationList section */

/* Begin XCRemoteSwiftPackageReference section */
		9F15E7A12A02DF1600DE57AC /* XCRemoteSwiftPackageReference "SpringAnimation" */ = {
			isa = XCRemoteSwiftPackageReference;
			repositoryURL = "https://github.com/LexDeBash/SpringAnimation.git";
			requirement = {
				kind = upToNextMinorVersion;
				minimumVersion = 0.3.0;
			};
		};
/* End XCRemoteSwiftPackageReference section */

/* Begin XCSwiftPackageProductDependency section */
		9F15E7A22A02DF1600DE57AC /* SpringAnimation */ = {
			isa = XCSwiftPackageProductDependency;
			package = 9F15E7A12A02DF1600DE57AC /* XCRemoteSwiftPackageReference "SpringAnimation" */;
			productName = SpringAnimation;
		};
/* End XCSwiftPackageProductDependency section */
	};
	rootObject = 9F15E7822A02DEBA00DE57AC /* Project object */;
}
